{
  "nodes": {
    "anthropic-skills": {
      "flake": false,
      "locked": {
        "lastModified": 1788453433,
        "narHash": "sha256-sjgPv9tZZVTXPxZWaCOc7JwFceNn3C1ghy8mSHqgqB8=",
        "owner": "anthropics",
        "repo": "skills",
        "rev": "41bbe19d1a1a7eaab5e7bb9050a417e5c6cffc8f",
        "type": "github"
      },
      "original": {
        "owner": "anthropics",
        "repo": "skills",
        "type": "github"
      }
    },
    "django-ai-plugins": {
      "flake": false,
      "locked": {
        "lastModified": 1784825477,
        "narHash": "sha256-VQSZ9KJw2pEt4z9lyzBou6V4zL2rcTuRVXNXl0ysdrg=",
        "owner": "vintasoftware",
        "repo": "django-ai-plugins",
        "rev": "b8af2688d994747666e6a793d441365807d6772f",
        "type": "github"
      },
      "original": {
        "owner": "vintasoftware",
        "repo": "django-ai-plugins",
        "type": "github"
      }
    },
    "home-manager": {
      "inputs": {
        "nixpkgs": [
          "nixpkgs"
        ]
      },
      "locked": {
        "lastModified": 1788651960,
        "narHash": "sha256-v9wJd32eZ2bvhBzVOd7TIjLQd011P7nwOhjKtWlci5I=",
        "owner": "nix-community",
        "repo": "home-manager",
        "rev": "2c0350c759688177331b8f5242311fae8877bdb3",
        "type": "github"
      },
      "original": {
        "owner": "nix-community",
        "ref": "master",
        "repo": "home-manager",
        "type": "github"
      }
    },
    "nixpkgs": {
      "locked": {
        "lastModified": 1788752844,
        "narHash": "sha256-VaWGJ6+cIYN2erfSecbRV+4ljI185Ty2wUrXyvQbgOw=",
        "owner": "nixos",
        "repo": "nixpkgs",
        "rev": "dc5d91f840324650bac8c379428c7037a416959a",
        "type": "github"
      },
      "original": {
        "owner": "nixos",
        "ref": "nixos-unstable",
        "repo": "nixpkgs",
        "type": "github"
      }
    },
    "root": {
      "inputs": {
        "anthropic-skills": "anthropic-skills",
        "django-ai-plugins": "django-ai-plugins",
        "home-manager": "home-manager",
        "nixpkgs": "nixpkgs",
        "superpowers": "superpowers",
        "ui-ux-pro-max-skill": "ui-ux-pro-max-skill"
      }
    },
    "superpowers": {
      "flake": false,
      "locked": {
        "lastModified": 1786553601,
        "narHash": "sha256-EsGNO0dULWf5Bx6bGrCv2kI2Z8aKH0kRvGiuN23wChQ=",
        "owner": "obra",
        "repo": "superpowers",
        "rev": "b36e0829c6d0140e93cfef2ca599b1b07d4a7797",
        "type": "github"
      },
      "original": {
        "owner": "obra",
        "repo": "superpowers",
        "type": "github"
      }
    },
    "ui-ux-pro-max-skill": {
      "flake": false,
      "locked": {
        "lastModified": 1788694163,
        "narHash": "sha256-W04fYlu0pRIz+fW8jFVz33TRxe2rEi2Nrcw+XoZo/jA=",
        "owner": "nextlevelbuilder",
        "repo": "ui-ux-pro-max-skill",
        "rev": "4aad0584d92131626b16d4ff4d77f0455385013c",
        "type": "github"
      },
      "original": {
        "owner": "nextlevelbuilder",
        "repo": "ui-ux-pro-max-skill",
        "type": "github"
      }
    }
  },
  "root": "root",
  "version": 7
}
