{
  "nodes": {
    "anthropic-skills": {
      "flake": false,
      "locked": {
        "lastModified": 1787332253,
        "narHash": "sha256-nVid8vENmLDh7ffDqh+bJbEWtXcVltA0qa2rItmniZM=",
        "owner": "anthropics",
        "repo": "skills",
        "rev": "3b3fad96af16a10759d930941b4520ba0c40edae",
        "type": "github"
      },
      "original": {
        "owner": "anthropics",
        "repo": "skills",
        "type": "github"
      }
    },
    "django-ai-plugins": {
      "flake": false,
      "locked": {
        "lastModified": 1784825477,
        "narHash": "sha256-VQSZ9KJw2pEt4z9lyzBou6V4zL2rcTuRVXNXl0ysdrg=",
        "owner": "vintasoftware",
        "repo": "django-ai-plugins",
        "rev": "b8af2688d994747666e6a793d441365807d6772f",
        "type": "github"
      },
      "original": {
        "owner": "vintasoftware",
        "repo": "django-ai-plugins",
        "type": "github"
      }
    },
    "home-manager": {
      "inputs": {
        "nixpkgs": [
          "nixpkgs"
        ]
      },
      "locked": {
        "lastModified": 1788199093,
        "narHash": "sha256-gh09zTgEsbnoWwrNPzIDajc/HoE446Sc3yKDCPFa7Xs=",
        "owner": "nix-community",
        "repo": "home-manager",
        "rev": "f772b7f968365e7b2b70a860c509d214639556fe",
        "type": "github"
      },
      "original": {
        "owner": "nix-community",
        "ref": "master",
        "repo": "home-manager",
        "type": "github"
      }
    },
    "nixpkgs": {
      "locked": {
        "lastModified": 1788039129,
        "narHash": "sha256-pa4Q0qErvCvzCaaUph7Sm37RhR4xvPrYI8Lgz6k85+A=",
        "owner": "nixos",
        "repo": "nixpkgs",
        "rev": "d2f67949798825fe853f7c5d0492b8bf016d3f88",
        "type": "github"
      },
      "original": {
        "owner": "nixos",
        "ref": "nixos-unstable",
        "repo": "nixpkgs",
        "type": "github"
      }
    },
    "root": {
      "inputs": {
        "anthropic-skills": "anthropic-skills",
        "django-ai-plugins": "django-ai-plugins",
        "home-manager": "home-manager",
        "nixpkgs": "nixpkgs",
        "superpowers": "superpowers",
        "ui-ux-pro-max-skill": "ui-ux-pro-max-skill"
      }
    },
    "superpowers": {
      "flake": false,
      "locked": {
        "lastModified": 1786553601,
        "narHash": "sha256-EsGNO0dULWf5Bx6bGrCv2kI2Z8aKH0kRvGiuN23wChQ=",
        "owner": "obra",
        "repo": "superpowers",
        "rev": "b36e0829c6d0140e93cfef2ca599b1b07d4a7797",
        "type": "github"
      },
      "original": {
        "owner": "obra",
        "repo": "superpowers",
        "type": "github"
      }
    },
    "ui-ux-pro-max-skill": {
      "flake": false,
      "locked": {
        "lastModified": 1788199987,
        "narHash": "sha256-U6h9oMYfVbwzUrnQGVQ5tUZfMO40ae7UyAZlcIPMOiw=",
        "owner": "nextlevelbuilder",
        "repo": "ui-ux-pro-max-skill",
        "rev": "bd19ab9070ecfeff9581bf0fbd3049fd542def84",
        "type": "github"
      },
      "original": {
        "owner": "nextlevelbuilder",
        "repo": "ui-ux-pro-max-skill",
        "type": "github"
      }
    }
  },
  "root": "root",
  "version": 7
}
